
Microsoft Visual Studio Solution File, Format Version 12.00
# Visual Studio Version 17
VisualStudioVersion = 17.10.34928.147
MinimumVisualStudioVersion = 10.0.40219.1
Project("{9A19103F-16F7-4668-BE54-9A1E7A4F7556}") = "BankPrototype", "BankPrototype.csproj", "{F523F0C1-69B1-4050-9E78-85808D832517}"
EndProject
Project("{FAE04EC0-301F-11D3-BF4B-00C04F79EFBC}") = "TryException", "..\TryException\TryException.csproj", "{EAAEFA55-2713-437E-9E2A-64EA054739B1}"
EndProject
Project("{FAE04EC0-301F-11D3-BF4B-00C04F79EFBC}") = "Repositories", "..\Repositories\Repositories.csproj", "{B23917F4-EA88-42DB-A305-92EC30A5D9C5}"
EndProject
Global
	GlobalSection(SolutionConfigurationPlatforms) = preSolution
		Debug|Any CPU = Debug|Any CPU
		Release|Any CPU = Release|Any CPU
	EndGlobalSection
	GlobalSection(ProjectConfigurationPlatforms) = postSolution
		{F523F0C1-69B1-4050-9E78-85808D832517}.Debug|Any CPU.ActiveCfg = Debug|Any CPU
		{F523F0C1-69B1-4050-9E78-85808D832517}.Debug|Any CPU.Build.0 = Debug|Any CPU
		{F523F0C1-69B1-4050-9E78-85808D832517}.Release|Any CPU.ActiveCfg = Release|Any CPU
		{F523F0C1-69B1-4050-9E78-85808D832517}.Release|Any CPU.Build.0 = Release|Any CPU
		{EAAEFA55-2713-437E-9E2A-64EA054739B1}.Debug|Any CPU.ActiveCfg = Debug|Any CPU
		{EAAEFA55-2713-437E-9E2A-64EA054739B1}.Debug|Any CPU.Build.0 = Debug|Any CPU
		{EAAEFA55-2713-437E-9E2A-64EA054739B1}.Release|Any CPU.ActiveCfg = Release|Any CPU
		{EAAEFA55-2713-437E-9E2A-64EA054739B1}.Release|Any CPU.Build.0 = Release|Any CPU
		{B23917F4-EA88-42DB-A305-92EC30A5D9C5}.Debug|Any CPU.ActiveCfg = Debug|Any CPU
		{B23917F4-EA88-42DB-A305-92EC30A5D9C5}.Debug|Any CPU.Build.0 = Debug|Any CPU
		{B23917F4-EA88-42DB-A305-92EC30A5D9C5}.Release|Any CPU.ActiveCfg = Release|Any CPU
		{B23917F4-EA88-42DB-A305-92EC30A5D9C5}.Release|Any CPU.Build.0 = Release|Any CPU
	EndGlobalSection
	GlobalSection(SolutionProperties) = preSolution
		HideSolutionNode = FALSE
	EndGlobalSection
	GlobalSection(ExtensibilityGlobals) = postSolution
		SolutionGuid = {34A773FF-D879-4742-86EC-5DB7896B8128}
	EndGlobalSection
EndGlobal
