
Microsoft Visual Studio Solution File, Format Version 12.00
# Visual Studio Version 16
VisualStudioVersion = 16.0.33920.266
MinimumVisualStudioVersion = 10.0.40219.1
Project("{9A19103F-16F7-4668-BE54-9A1E7A4F7556}") = "SB10.1", "SB10.1.csproj", "{E253E8B2-E5BD-4B52-B54D-C6362B917D02}"
EndProject
Project("{FAE04EC0-301F-11D3-BF4B-00C04F79EFBC}") = "SB10.2", "..\SB10.2\SB10.2.csproj", "{3B65E47B-02E2-41E2-93C7-CF1ABE0C7EF7}"
EndProject
Project("{FAE04EC0-301F-11D3-BF4B-00C04F79EFBC}") = "SB10.3", "..\SB10.3\SB10.3.csproj", "{FDA93EB0-F102-499D-A409-305FEC0C1DF0}"
EndProject
Global
	GlobalSection(SolutionConfigurationPlatforms) = preSolution
		Debug|Any CPU = Debug|Any CPU
		Release|Any CPU = Release|Any CPU
	EndGlobalSection
	GlobalSection(ProjectConfigurationPlatforms) = postSolution
		{E253E8B2-E5BD-4B52-B54D-C6362B917D02}.Debug|Any CPU.ActiveCfg = Debug|Any CPU
		{E253E8B2-E5BD-4B52-B54D-C6362B917D02}.Debug|Any CPU.Build.0 = Debug|Any CPU
		{E253E8B2-E5BD-4B52-B54D-C6362B917D02}.Release|Any CPU.ActiveCfg = Release|Any CPU
		{E253E8B2-E5BD-4B52-B54D-C6362B917D02}.Release|Any CPU.Build.0 = Release|Any CPU
		{3B65E47B-02E2-41E2-93C7-CF1ABE0C7EF7}.Debug|Any CPU.ActiveCfg = Debug|Any CPU
		{3B65E47B-02E2-41E2-93C7-CF1ABE0C7EF7}.Debug|Any CPU.Build.0 = Debug|Any CPU
		{3B65E47B-02E2-41E2-93C7-CF1ABE0C7EF7}.Release|Any CPU.ActiveCfg = Release|Any CPU
		{3B65E47B-02E2-41E2-93C7-CF1ABE0C7EF7}.Release|Any CPU.Build.0 = Release|Any CPU
		{FDA93EB0-F102-499D-A409-305FEC0C1DF0}.Debug|Any CPU.ActiveCfg = Debug|Any CPU
		{FDA93EB0-F102-499D-A409-305FEC0C1DF0}.Debug|Any CPU.Build.0 = Debug|Any CPU
		{FDA93EB0-F102-499D-A409-305FEC0C1DF0}.Release|Any CPU.ActiveCfg = Release|Any CPU
		{FDA93EB0-F102-499D-A409-305FEC0C1DF0}.Release|Any CPU.Build.0 = Release|Any CPU
	EndGlobalSection
	GlobalSection(SolutionProperties) = preSolution
		HideSolutionNode = FALSE
	EndGlobalSection
	GlobalSection(ExtensibilityGlobals) = postSolution
		SolutionGuid = {E1953B75-7FE4-4F0E-8519-A9F3C1A81734}
	EndGlobalSection
EndGlobal
