
Microsoft Visual Studio Solution File, Format Version 12.00
# Visual Studio Version 16
VisualStudioVersion = 16.0.31729.503
MinimumVisualStudioVersion = 10.0.40219.1
Project("{9A19103F-16F7-4668-BE54-9A1E7A4F7556}") = "Task 1", "Task 1.csproj", "{86BE6F1F-D37C-41D1-A10F-E2F0FFA28025}"
EndProject
Project("{9A19103F-16F7-4668-BE54-9A1E7A4F7556}") = "Task 2", "..\Task 2\Task 2.csproj", "{BB58F9E6-1865-4FF8-ABBA-753C1F5FB834}"
EndProject
Project("{FAE04EC0-301F-11D3-BF4B-00C04F79EFBC}") = "Task 3", "..\Task 3\Task 3.csproj", "{6D6395D2-B78C-4035-A9DA-7B8480B33718}"
EndProject
Global
	GlobalSection(SolutionConfigurationPlatforms) = preSolution
		Debug|Any CPU = Debug|Any CPU
		Release|Any CPU = Release|Any CPU
	EndGlobalSection
	GlobalSection(ProjectConfigurationPlatforms) = postSolution
		{86BE6F1F-D37C-41D1-A10F-E2F0FFA28025}.Debug|Any CPU.ActiveCfg = Debug|Any CPU
		{86BE6F1F-D37C-41D1-A10F-E2F0FFA28025}.Debug|Any CPU.Build.0 = Debug|Any CPU
		{86BE6F1F-D37C-41D1-A10F-E2F0FFA28025}.Release|Any CPU.ActiveCfg = Release|Any CPU
		{86BE6F1F-D37C-41D1-A10F-E2F0FFA28025}.Release|Any CPU.Build.0 = Release|Any CPU
		{BB58F9E6-1865-4FF8-ABBA-753C1F5FB834}.Debug|Any CPU.ActiveCfg = Debug|Any CPU
		{BB58F9E6-1865-4FF8-ABBA-753C1F5FB834}.Debug|Any CPU.Build.0 = Debug|Any CPU
		{BB58F9E6-1865-4FF8-ABBA-753C1F5FB834}.Release|Any CPU.ActiveCfg = Release|Any CPU
		{BB58F9E6-1865-4FF8-ABBA-753C1F5FB834}.Release|Any CPU.Build.0 = Release|Any CPU
		{6D6395D2-B78C-4035-A9DA-7B8480B33718}.Debug|Any CPU.ActiveCfg = Debug|Any CPU
		{6D6395D2-B78C-4035-A9DA-7B8480B33718}.Debug|Any CPU.Build.0 = Debug|Any CPU
		{6D6395D2-B78C-4035-A9DA-7B8480B33718}.Release|Any CPU.ActiveCfg = Release|Any CPU
		{6D6395D2-B78C-4035-A9DA-7B8480B33718}.Release|Any CPU.Build.0 = Release|Any CPU
	EndGlobalSection
	GlobalSection(SolutionProperties) = preSolution
		HideSolutionNode = FALSE
	EndGlobalSection
	GlobalSection(ExtensibilityGlobals) = postSolution
		SolutionGuid = {0FDFF889-E89A-4209-8D79-DADF1BBDD4D9}
	EndGlobalSection
EndGlobal
