
Microsoft Visual Studio Solution File, Format Version 12.00
# Visual Studio Version 17
VisualStudioVersion = 17.11.35327.3
MinimumVisualStudioVersion = 10.0.40219.1
Project("{9A19103F-16F7-4668-BE54-9A1E7A4F7556}") = "WpfAppCodeFirst", "WpfAppCodeFirst\WpfAppCodeFirst.csproj", "{0920A6A0-0670-482B-A7C2-BB4D7B13D049}"
EndProject
Project("{FAE04EC0-301F-11D3-BF4B-00C04F79EFBC}") = "WpfAppDBFirst", "WpfAppDBFirst\WpfAppDBFirst.csproj", "{F7FC59FA-220B-4D8F-929B-C4E4E0CB1B82}"
EndProject
Global
	GlobalSection(SolutionConfigurationPlatforms) = preSolution
		Debug|Any CPU = Debug|Any CPU
		Release|Any CPU = Release|Any CPU
	EndGlobalSection
	GlobalSection(ProjectConfigurationPlatforms) = postSolution
		{0920A6A0-0670-482B-A7C2-BB4D7B13D049}.Debug|Any CPU.ActiveCfg = Debug|Any CPU
		{0920A6A0-0670-482B-A7C2-BB4D7B13D049}.Debug|Any CPU.Build.0 = Debug|Any CPU
		{0920A6A0-0670-482B-A7C2-BB4D7B13D049}.Release|Any CPU.ActiveCfg = Release|Any CPU
		{0920A6A0-0670-482B-A7C2-BB4D7B13D049}.Release|Any CPU.Build.0 = Release|Any CPU
		{F7FC59FA-220B-4D8F-929B-C4E4E0CB1B82}.Debug|Any CPU.ActiveCfg = Debug|Any CPU
		{F7FC59FA-220B-4D8F-929B-C4E4E0CB1B82}.Debug|Any CPU.Build.0 = Debug|Any CPU
		{F7FC59FA-220B-4D8F-929B-C4E4E0CB1B82}.Release|Any CPU.ActiveCfg = Release|Any CPU
		{F7FC59FA-220B-4D8F-929B-C4E4E0CB1B82}.Release|Any CPU.Build.0 = Release|Any CPU
	EndGlobalSection
	GlobalSection(SolutionProperties) = preSolution
		HideSolutionNode = FALSE
	EndGlobalSection
	GlobalSection(ExtensibilityGlobals) = postSolution
		SolutionGuid = {CC5E8499-64CD-42D9-BDB7-054662DB9DC4}
	EndGlobalSection
EndGlobal
