
Microsoft Visual Studio Solution File, Format Version 12.00
# Visual Studio Version 17
VisualStudioVersion = 17.10.34928.147
MinimumVisualStudioVersion = 10.0.40219.1
Project("{FAE04EC0-301F-11D3-BF4B-00C04F79EFBC}") = "WpfApp1", "WpfApp1\WpfApp1.csproj", "{66F9F503-6523-4378-A4DB-528BF4A785D9}"
EndProject
Project("{FAE04EC0-301F-11D3-BF4B-00C04F79EFBC}") = "Repositories", "Repositories\Repositories.csproj", "{606CCE5D-ACB2-41A1-8042-49E6CD5D76F6}"
EndProject
Project("{FAE04EC0-301F-11D3-BF4B-00C04F79EFBC}") = "TryException", "TryException\TryException.csproj", "{91ACCF87-66A0-4444-940E-96D704A5B718}"
EndProject
Global
	GlobalSection(SolutionConfigurationPlatforms) = preSolution
		Debug|Any CPU = Debug|Any CPU
		Release|Any CPU = Release|Any CPU
	EndGlobalSection
	GlobalSection(ProjectConfigurationPlatforms) = postSolution
		{66F9F503-6523-4378-A4DB-528BF4A785D9}.Debug|Any CPU.ActiveCfg = Debug|Any CPU
		{66F9F503-6523-4378-A4DB-528BF4A785D9}.Debug|Any CPU.Build.0 = Debug|Any CPU
		{66F9F503-6523-4378-A4DB-528BF4A785D9}.Release|Any CPU.ActiveCfg = Release|Any CPU
		{66F9F503-6523-4378-A4DB-528BF4A785D9}.Release|Any CPU.Build.0 = Release|Any CPU
		{606CCE5D-ACB2-41A1-8042-49E6CD5D76F6}.Debug|Any CPU.ActiveCfg = Debug|Any CPU
		{606CCE5D-ACB2-41A1-8042-49E6CD5D76F6}.Debug|Any CPU.Build.0 = Debug|Any CPU
		{606CCE5D-ACB2-41A1-8042-49E6CD5D76F6}.Release|Any CPU.ActiveCfg = Release|Any CPU
		{606CCE5D-ACB2-41A1-8042-49E6CD5D76F6}.Release|Any CPU.Build.0 = Release|Any CPU
		{91ACCF87-66A0-4444-940E-96D704A5B718}.Debug|Any CPU.ActiveCfg = Debug|Any CPU
		{91ACCF87-66A0-4444-940E-96D704A5B718}.Debug|Any CPU.Build.0 = Debug|Any CPU
		{91ACCF87-66A0-4444-940E-96D704A5B718}.Release|Any CPU.ActiveCfg = Release|Any CPU
		{91ACCF87-66A0-4444-940E-96D704A5B718}.Release|Any CPU.Build.0 = Release|Any CPU
	EndGlobalSection
	GlobalSection(SolutionProperties) = preSolution
		HideSolutionNode = FALSE
	EndGlobalSection
	GlobalSection(ExtensibilityGlobals) = postSolution
		SolutionGuid = {7429137B-C7D3-4D3F-99C3-05F63E212880}
	EndGlobalSection
EndGlobal
